
Microsoft Visual Studio Solution File, Format Version 12.00
# Visual Studio 15
VisualStudioVersion = 15.0.27703.2035
MinimumVisualStudioVersion = 10.0.40219.1
Project("{FAE04EC0-301F-11D3-BF4B-00C04F79EFBC}") = "BlendCard", "BlendCard\BlendCard.csproj", "{3C246702-E90B-41EA-ADC3-A6843C574E31}"
EndProject
Global
	GlobalSection(SolutionConfigurationPlatforms) = preSolution
		Debug|Any CPU = Debug|Any CPU
		Release|Any CPU = Release|Any CPU
	EndGlobalSection
	GlobalSection(ProjectConfigurationPlatforms) = postSolution
		{3C246702-E90B-41EA-ADC3-A6843C574E31}.Debug|Any CPU.ActiveCfg = Debug|Any CPU
		{3C246702-E90B-41EA-ADC3-A6843C574E31}.Debug|Any CPU.Build.0 = Debug|Any CPU
		{3C246702-E90B-41EA-ADC3-A6843C574E31}.Release|Any CPU.ActiveCfg = Release|Any CPU
		{3C246702-E90B-41EA-ADC3-A6843C574E31}.Release|Any CPU.Build.0 = Release|Any CPU
	EndGlobalSection
	GlobalSection(SolutionProperties) = preSolution
		HideSolutionNode = FALSE
	EndGlobalSection
	GlobalSection(ExtensibilityGlobals) = postSolution
		SolutionGuid = {BF107AF0-02EB-41E4-8CEE-4F60F2F10970}
	EndGlobalSection
EndGlobal
